
Microsoft Visual Studio Solution File, Format Version 12.00
# Visual Studio Version 16
VisualStudioVersion = 16.0.30413.136
MinimumVisualStudioVersion = 10.0.40219.1
Project("{FAE04EC0-301F-11D3-BF4B-00C04F79EFBC}") = "Editora.Web", "Editora.Web\Editora.Web.csproj", "{6100D8AF-BA7E-4164-90E3-EE34CC148DAE}"
EndProject
Project("{FAE04EC0-301F-11D3-BF4B-00C04F79EFBC}") = "Editora.API", "Editora.API\Editora.API.csproj", "{6CC9FD8C-24EE-490B-8950-0A08DE9E1A5B}"
EndProject
Project("{FAE04EC0-301F-11D3-BF4B-00C04F79EFBC}") = "Editora.Domain", "Editora.Domain\Editora.Domain.csproj", "{984C0A02-1CE8-42E3-B1F1-DB4E38A2C0D3}"
EndProject
Project("{FAE04EC0-301F-11D3-BF4B-00C04F79EFBC}") = "Editora.Repository", "Editora.Repository\Editora.Repository.csproj", "{97EDE2CE-CF2F-405B-9BB9-E6BB5AF601B0}"
EndProject
Project("{FAE04EC0-301F-11D3-BF4B-00C04F79EFBC}") = "Editora.Service", "Editora.Service\Editora.Service.csproj", "{8229ABA7-E52E-4053-B0E8-F90CF9A8C3D2}"
EndProject
Global
	GlobalSection(SolutionConfigurationPlatforms) = preSolution
		Debug|Any CPU = Debug|Any CPU
		Release|Any CPU = Release|Any CPU
	EndGlobalSection
	GlobalSection(ProjectConfigurationPlatforms) = postSolution
		{6100D8AF-BA7E-4164-90E3-EE34CC148DAE}.Debug|Any CPU.ActiveCfg = Debug|Any CPU
		{6100D8AF-BA7E-4164-90E3-EE34CC148DAE}.Debug|Any CPU.Build.0 = Debug|Any CPU
		{6100D8AF-BA7E-4164-90E3-EE34CC148DAE}.Release|Any CPU.ActiveCfg = Release|Any CPU
		{6100D8AF-BA7E-4164-90E3-EE34CC148DAE}.Release|Any CPU.Build.0 = Release|Any CPU
		{6CC9FD8C-24EE-490B-8950-0A08DE9E1A5B}.Debug|Any CPU.ActiveCfg = Debug|Any CPU
		{6CC9FD8C-24EE-490B-8950-0A08DE9E1A5B}.Debug|Any CPU.Build.0 = Debug|Any CPU
		{6CC9FD8C-24EE-490B-8950-0A08DE9E1A5B}.Release|Any CPU.ActiveCfg = Release|Any CPU
		{6CC9FD8C-24EE-490B-8950-0A08DE9E1A5B}.Release|Any CPU.Build.0 = Release|Any CPU
		{984C0A02-1CE8-42E3-B1F1-DB4E38A2C0D3}.Debug|Any CPU.ActiveCfg = Debug|Any CPU
		{984C0A02-1CE8-42E3-B1F1-DB4E38A2C0D3}.Debug|Any CPU.Build.0 = Debug|Any CPU
		{984C0A02-1CE8-42E3-B1F1-DB4E38A2C0D3}.Release|Any CPU.ActiveCfg = Release|Any CPU
		{984C0A02-1CE8-42E3-B1F1-DB4E38A2C0D3}.Release|Any CPU.Build.0 = Release|Any CPU
		{97EDE2CE-CF2F-405B-9BB9-E6BB5AF601B0}.Debug|Any CPU.ActiveCfg = Debug|Any CPU
		{97EDE2CE-CF2F-405B-9BB9-E6BB5AF601B0}.Debug|Any CPU.Build.0 = Debug|Any CPU
		{97EDE2CE-CF2F-405B-9BB9-E6BB5AF601B0}.Release|Any CPU.ActiveCfg = Release|Any CPU
		{97EDE2CE-CF2F-405B-9BB9-E6BB5AF601B0}.Release|Any CPU.Build.0 = Release|Any CPU
		{8229ABA7-E52E-4053-B0E8-F90CF9A8C3D2}.Debug|Any CPU.ActiveCfg = Debug|Any CPU
		{8229ABA7-E52E-4053-B0E8-F90CF9A8C3D2}.Debug|Any CPU.Build.0 = Debug|Any CPU
		{8229ABA7-E52E-4053-B0E8-F90CF9A8C3D2}.Release|Any CPU.ActiveCfg = Release|Any CPU
		{8229ABA7-E52E-4053-B0E8-F90CF9A8C3D2}.Release|Any CPU.Build.0 = Release|Any CPU
	EndGlobalSection
	GlobalSection(SolutionProperties) = preSolution
		HideSolutionNode = FALSE
	EndGlobalSection
	GlobalSection(ExtensibilityGlobals) = postSolution
		SolutionGuid = {1A824840-8BBF-4498-A333-110032591D77}
	EndGlobalSection
EndGlobal
